PODS:
  - FlutterMacOS (1.0.0)
  - open_dir (0.0.1):
    - FlutterMacOS

DEPENDENCIES:
  - FlutterMacOS (from `Flutter/ephemeral`)
  - open_dir (from `Flutter/ephemeral/.symlinks/plugins/open_dir/macos`)

EXTERNAL SOURCES:
  FlutterMacOS:
    :path: Flutter/ephemeral
  open_dir:
    :path: Flutter/ephemeral/.symlinks/plugins/open_dir/macos

SPEC CHECKSUMS:
  FlutterMacOS: 8f6f14fa908a6fb3fba0cd85dbd81ec4b251fb24
  open_dir: 39c9038f79c01fd65311ab2e3a4c2aeb111640fa

PODFILE CHECKSUM: 353c8bcc5d5b0994e508d035b5431cfe18c1dea7

COCOAPODS: 1.11.3
